
Microsoft Visual Studio Solution File, Format Version 12.00
# Visual Studio Version 17
VisualStudioVersion = 17.1.32421.90
MinimumVisualStudioVersion = 10.0.40219.1
Project("{9A19103F-16F7-4668-BE54-9A1E7A4F7556}") = "TwitchDice", "TwitchDice.csproj", "{45F71B23-9C04-40E2-9E01-5E17546FC51D}"
EndProject
Global
	GlobalSection(SolutionConfigurationPlatforms) = preSolution
		Debug|Any CPU = Debug|Any CPU
		Debug|x64 = Debug|x64
		Release|Any CPU = Release|Any CPU
		Release|x64 = Release|x64
	EndGlobalSection
	GlobalSection(ProjectConfigurationPlatforms) = postSolution
		{45F71B23-9C04-40E2-9E01-5E17546FC51D}.Debug|Any CPU.ActiveCfg = Debug|Any CPU
		{45F71B23-9C04-40E2-9E01-5E17546FC51D}.Debug|Any CPU.Build.0 = Debug|Any CPU
		{45F71B23-9C04-40E2-9E01-5E17546FC51D}.Debug|x64.ActiveCfg = Debug|x64
		{45F71B23-9C04-40E2-9E01-5E17546FC51D}.Debug|x64.Build.0 = Debug|x64
		{45F71B23-9C04-40E2-9E01-5E17546FC51D}.Release|Any CPU.ActiveCfg = Release|Any CPU
		{45F71B23-9C04-40E2-9E01-5E17546FC51D}.Release|Any CPU.Build.0 = Release|Any CPU
		{45F71B23-9C04-40E2-9E01-5E17546FC51D}.Release|x64.ActiveCfg = Release|Any CPU
		{45F71B23-9C04-40E2-9E01-5E17546FC51D}.Release|x64.Build.0 = Release|Any CPU
	EndGlobalSection
	GlobalSection(SolutionProperties) = preSolution
		HideSolutionNode = FALSE
	EndGlobalSection
	GlobalSection(ExtensibilityGlobals) = postSolution
		SolutionGuid = {464C84E4-2590-4B00-9EF5-5D101FDE98AE}
	EndGlobalSection
EndGlobal
